
Microsoft Visual Studio Solution File, Format Version 12.00
# Visual Studio Version 17
VisualStudioVersion = 17.10.34916.146
MinimumVisualStudioVersion = 10.0.40219.1
Project("{FAE04EC0-301F-11D3-BF4B-00C04F79EFBC}") = "RewardPunishmentSystem", "RewardPunishmentSystem.csproj", "{64584167-6945-4347-AFB1-22C77D3105DF}"
EndProject
Global
	GlobalSection(SolutionConfigurationPlatforms) = preSolution
		Debug|Any CPU = Debug|Any CPU
		Release|Any CPU = Release|Any CPU
	EndGlobalSection
	GlobalSection(ProjectConfigurationPlatforms) = postSolution
		{64584167-6945-4347-AFB1-22C77D3105DF}.Debug|Any CPU.ActiveCfg = Debug|Any CPU
		{64584167-6945-4347-AFB1-22C77D3105DF}.Debug|Any CPU.Build.0 = Debug|Any CPU
		{64584167-6945-4347-AFB1-22C77D3105DF}.Release|Any CPU.ActiveCfg = Release|Any CPU
		{64584167-6945-4347-AFB1-22C77D3105DF}.Release|Any CPU.Build.0 = Release|Any CPU
	EndGlobalSection
	GlobalSection(SolutionProperties) = preSolution
		HideSolutionNode = FALSE
	EndGlobalSection
	GlobalSection(ExtensibilityGlobals) = postSolution
		SolutionGuid = {8985A9C7-47B6-4C65-A11E-E20194139904}
	EndGlobalSection
EndGlobal
